
Microsoft Visual Studio Solution File, Format Version 12.00
# Visual Studio Version 16
VisualStudioVersion = 16.0.31205.134
MinimumVisualStudioVersion = 10.0.40219.1
Project("{8BC9CEB8-8B4A-11D0-8D11-00A0C91BC942}") = "aeroGstreamer", "aeroGstreamer\aeroGstreamer.vcxproj", "{B2451FCE-599C-49E4-B555-B080E074AAB0}"
EndProject
Global
	GlobalSection(SolutionConfigurationPlatforms) = preSolution
		Debug|x64 = Debug|x64
		Debug|x86 = Debug|x86
		Release|x64 = Release|x64
		Release|x86 = Release|x86
	EndGlobalSection
	GlobalSection(ProjectConfigurationPlatforms) = postSolution
		{B2451FCE-599C-49E4-B555-B080E074AAB0}.Debug|x64.ActiveCfg = Debug|x64
		{B2451FCE-599C-49E4-B555-B080E074AAB0}.Debug|x64.Build.0 = Debug|x64
		{B2451FCE-599C-49E4-B555-B080E074AAB0}.Debug|x86.ActiveCfg = Debug|Win32
		{B2451FCE-599C-49E4-B555-B080E074AAB0}.Debug|x86.Build.0 = Debug|Win32
		{B2451FCE-599C-49E4-B555-B080E074AAB0}.Release|x64.ActiveCfg = Release|x64
		{B2451FCE-599C-49E4-B555-B080E074AAB0}.Release|x64.Build.0 = Release|x64
		{B2451FCE-599C-49E4-B555-B080E074AAB0}.Release|x86.ActiveCfg = Release|Win32
		{B2451FCE-599C-49E4-B555-B080E074AAB0}.Release|x86.Build.0 = Release|Win32
	EndGlobalSection
	GlobalSection(SolutionProperties) = preSolution
		HideSolutionNode = FALSE
	EndGlobalSection
	GlobalSection(ExtensibilityGlobals) = postSolution
		SolutionGuid = {60F3AE79-1CAE-48E5-8FBF-A3128E21CB26}
	EndGlobalSection
EndGlobal
